
Microsoft Visual Studio Solution File, Format Version 12.00
# Visual Studio Version 16
VisualStudioVersion = 16.0.29102.190
MinimumVisualStudioVersion = 10.0.40219.1
Project("{FAE04EC0-301F-11D3-BF4B-00C04F79EFBC}") = "StatePattern", "StatePattern\StatePattern.csproj", "{DDDF86E9-C6EE-4E17-B5CC-8815902FC90A}"
EndProject
Global
	GlobalSection(SolutionConfigurationPlatforms) = preSolution
		Debug|Any CPU = Debug|Any CPU
		Release|Any CPU = Release|Any CPU
	EndGlobalSection
	GlobalSection(ProjectConfigurationPlatforms) = postSolution
		{DDDF86E9-C6EE-4E17-B5CC-8815902FC90A}.Debug|Any CPU.ActiveCfg = Debug|Any CPU
		{DDDF86E9-C6EE-4E17-B5CC-8815902FC90A}.Debug|Any CPU.Build.0 = Debug|Any CPU
		{DDDF86E9-C6EE-4E17-B5CC-8815902FC90A}.Release|Any CPU.ActiveCfg = Release|Any CPU
		{DDDF86E9-C6EE-4E17-B5CC-8815902FC90A}.Release|Any CPU.Build.0 = Release|Any CPU
	EndGlobalSection
	GlobalSection(SolutionProperties) = preSolution
		HideSolutionNode = FALSE
	EndGlobalSection
	GlobalSection(ExtensibilityGlobals) = postSolution
		SolutionGuid = {4B6DA6D4-53C5-47FF-833A-040C58673D8D}
	EndGlobalSection
EndGlobal
